# This file was autogenerated by Stack.
# You should not edit this file by hand.
# For more information, please see the documentation at:
#   https://docs.haskellstack.org/en/stable/topics/lock_files

packages:
- completed:
    hackage: template-haskell-lift-0.1.0.0@sha256:f6cd3ee45b0c68480c400bfca9f08f39e8e87a5eb823f206dbe06ab1923a4f1c,1136
    pantry-tree:
      sha256: 56ab994094c839bebb643ce5fc58dfae6269517ebe91f380e259adaf1def08bf
      size: 243
  original:
    hackage: template-haskell-lift-0.1.0.0
- completed:
    hackage: template-haskell-quasiquoter-0.1.0.0@sha256:71027c432c0fb1a293d0f2b1d46dd5be42b9703b7c4b2233ea8076bfc6f84aae,1181
    pantry-tree:
      sha256: f9f5177a522cc273c001dd5bd749e4f7ed841910c6136711b9b9825bc0bc9c56
      size: 257
  original:
    hackage: template-haskell-quasiquoter-0.1.0.0
snapshots:
- completed:
    sha256: 5a59b2a405b3aba3c00188453be172b85893cab8ebc352b1ef58b0eae5d248a2
    size: 650475
    url: https://raw.githubusercontent.com/commercialhaskell/stackage-snapshots/master/lts/20/26.yaml
  original: lts-20.26
